
Microsoft Visual Studio Solution File, Format Version 12.00
# Visual Studio Version 16
VisualStudioVersion = 16.0.30503.244
MinimumVisualStudioVersion = 10.0.40219.1
Project("{FAE04EC0-301F-11D3-BF4B-00C04F79EFBC}") = "CQRS.WebApi", "CQRS.WebApi.csproj", "{AB47178F-D660-4FAF-B406-86C47AE36DDE}"
EndProject
Global
	GlobalSection(SolutionConfigurationPlatforms) = preSolution
		Debug|Any CPU = Debug|Any CPU
		Release|Any CPU = Release|Any CPU
	EndGlobalSection
	GlobalSection(ProjectConfigurationPlatforms) = postSolution
		{AB47178F-D660-4FAF-B406-86C47AE36DDE}.Debug|Any CPU.ActiveCfg = Debug|Any CPU
		{AB47178F-D660-4FAF-B406-86C47AE36DDE}.Debug|Any CPU.Build.0 = Debug|Any CPU
		{AB47178F-D660-4FAF-B406-86C47AE36DDE}.Release|Any CPU.ActiveCfg = Release|Any CPU
		{AB47178F-D660-4FAF-B406-86C47AE36DDE}.Release|Any CPU.Build.0 = Release|Any CPU
	EndGlobalSection
	GlobalSection(SolutionProperties) = preSolution
		HideSolutionNode = FALSE
	EndGlobalSection
	GlobalSection(ExtensibilityGlobals) = postSolution
		SolutionGuid = {53FB51D8-977B-4C16-9FA8-FAAED722AFEB}
	EndGlobalSection
EndGlobal
